{
    "_meta": {
        "hash": {
            "sha256": "353b6016416567b35328c6bd72fb26a3336c6304b84edbab91ff4b258b3a51ba"
        },
        "host-environment-markers": {
            "implementation_name": "cpython",
            "implementation_version": "3.6.3",
            "os_name": "posix",
            "platform_machine": "x86_64",
            "platform_python_implementation": "CPython",
            "platform_release": "4.14.6-300.fc27.x86_64",
            "platform_system": "Linux",
            "platform_version": "#1 SMP Thu Dec 14 15:31:24 UTC 2017",
            "python_full_version": "3.6.3",
            "python_version": "3.6",
            "sys_platform": "linux"
        },
        "pipfile-spec": 6,
        "requires": {
            "python_version": "3.6"
        },
        "sources": [
            {
                "name": "pypi",
                "url": "https://pypi.python.org/simple",
                "verify_ssl": true
            }
        ]
    },
    "default": {
        "attrs": {
            "hashes": [
                "sha256:e7d51b70f19a4da5fe6b3c9938983e0af3b91e230edc504bd73c443d98037063",
                "sha256:c78f53e32d7cf36d8597c8a2c7e3c0ad210f97b9509e152e4c37fa80869f823c"
            ],
            "version": "==17.3.0"
        },
        "parsy": {
            "hashes": [
                "sha256:05a70bc232e88bcb6ca100e09f3ef38296937698cc21d2b895bac7331d96906c",
                "sha256:ddd4306421a84fbdb8047f3806683d364be6a07fe5f452645d75f9d20f78b855"
            ],
            "version": "==1.2.0"
        }
    },
    "develop": {}
}
